{
  "name": "wagecalculator",
  "lockfileVersion": 3,
  "requires": true,
  "packages": {
    "": {
      "dependencies": {
        "@picocss/pico": "wagecalculator/pico#2f584f86046d6cfd1fa543f30b79b76d36fb9f9e"
      }
    },
    "node_modules/@picocss/pico": {
      "version": "1.5.10",
      "resolved": "git+ssh://git@github.com/wagecalculator/pico.git#2f584f86046d6cfd1fa543f30b79b76d36fb9f9e",
      "integrity": "sha512-215rs7Nepo7rGjVEGoy45ZXL7LGazUAG9MaajHj7kfK0SGPA8y8in8eZlwIDZ3w5YHY4rWZQMnk0jaBKAF6eCg==",
      "license": "MIT"
    }
  }
}
