{
  "name": "wagecalculator",
  "lockfileVersion": 3,
  "requires": true,
  "packages": {
    "": {
      "dependencies": {
        "@picocss/pico": "wagecalculator/pico#9c500bfe0014c604aebe4d4edfa92db875214ef1"
      }
    },
    "node_modules/@picocss/pico": {
      "version": "1.5.10",
      "resolved": "git+ssh://git@github.com/wagecalculator/pico.git#9c500bfe0014c604aebe4d4edfa92db875214ef1",
      "integrity": "sha512-y3fpRuTZrsdUwMHcseHrhOYNxj3xVjcIDXf382MYrT8W4LzMQdt43NemhU+g1N77U1uV+qyibPna6mZl2BCADQ==",
      "license": "MIT"
    }
  }
}
