{
  "name": "wagecalculator",
  "lockfileVersion": 3,
  "requires": true,
  "packages": {
    "": {
      "dependencies": {
        "@picocss/pico": "file:../pico"
      }
    },
    "../pico": {
      "name": "@picocss/pico",
      "version": "1.5.10",
      "license": "MIT",
      "devDependencies": {
        "@babel/cli": "^7.21.0",
        "@babel/core": "^7.21.4",
        "@babel/preset-env": "^7.21.4",
        "autoprefixer": "^10.4.14",
        "caniuse-lite": "1.0.30001481",
        "clean-css-cli": "^5.6.2",
        "css-declaration-sorter": "^6.4.0",
        "html-includes": "^4.4.1",
        "nodemon": "^2.0.22",
        "npm-run-all": "^4.1.5",
        "postcss": "^8.4.23",
        "postcss-cli": "^10.1.0",
        "postcss-scss": "^4.0.6",
        "rollup": "^3.20.7",
        "sass": "^1.62.0",
        "uglify-js": "^3.17.4"
      }
    },
    "node_modules/@picocss/pico": {
      "resolved": "../pico",
      "link": true
    }
  }
}
